PODS:
  - BabyBluetooth (0.7.0)
  - CocoaAsyncSocket (7.6.1)

DEPENDENCIES:
  - BabyBluetooth (~> 0.7.0)
  - CocoaAsyncSocket (~> 7.6.1)

SPEC CHECKSUMS:
  BabyBluetooth: d50758aecf24d4a0ab9271d69f0f116d6bee51c9
  CocoaAsyncSocket: 7eadd3f59e1a6c84e2aefc93e9ff7b55156fe174

PODFILE CHECKSUM: 8aa74e44715e34d29db68978e4cd4e427e769bbb

COCOAPODS: 1.3.1
