// !$*UTF8*$!
{
	archiveVersion = 1;
	classes = {
	};
	objectVersion = 46;
	objects = {

/* Begin PBXBuildFile section */
		041FD7E51F58FDEA00522D64 /* SolutionTreatViewController.m in Sources */ = {isa = PBXBuildFile; fileRef = 041FD7E41F58FDEA00522D64 /* SolutionTreatViewController.m */; };
		044D54B31F4D0D4A002C1E35 /* 图标 in Resources */ = {isa = PBXBuildFile; fileRef = 044D54B21F4D0D4A002C1E35 /* 图标 */; };
		044D54B81F4D159D002C1E35 /* StandardTreatViewController.m in Sources */ = {isa = PBXBuildFile; fileRef = 044D54B71F4D159D002C1E35 /* StandardTreatViewController.m */; };
		044D54BB1F4D15F7002C1E35 /* Pack.m in Sources */ = {isa = PBXBuildFile; fileRef = 044D54BA1F4D15F7002C1E35 /* Pack.m */; };
		044D54BE1F4D1A4C002C1E35 /* GradientTreatViewController.m in Sources */ = {isa = PBXBuildFile; fileRef = 044D54BD1F4D1A4C002C1E35 /* GradientTreatViewController.m */; };
		0457C63E1F5563EE0050C604 /* Main.storyboard in Resources */ = {isa = PBXBuildFile; fileRef = 0457C63C1F5563EE0050C604 /* Main.storyboard */; };
		0462C80F1F5D3FA900AEC2D6 /* Infoclass.m in Sources */ = {isa = PBXBuildFile; fileRef = 0462C80E1F5D3FA900AEC2D6 /* Infoclass.m */; };
		0462C8131F5D42CE00AEC2D6 /* TreatInformation.m in Sources */ = {isa = PBXBuildFile; fileRef = 0462C8121F5D42CE00AEC2D6 /* TreatInformation.m */; };
		046BA76D1F480DF2004D7E74 /* main.m in Sources */ = {isa = PBXBuildFile; fileRef = 046BA76C1F480DF2004D7E74 /* main.m */; };
		046BA7701F480DF2004D7E74 /* AppDelegate.m in Sources */ = {isa = PBXBuildFile; fileRef = 046BA76F1F480DF2004D7E74 /* AppDelegate.m */; };
		046BA7731F480DF2004D7E74 /* ViewController.m in Sources */ = {isa = PBXBuildFile; fileRef = 046BA7721F480DF2004D7E74 /* ViewController.m */; };
		046BA7781F480DF2004D7E74 /* Assets.xcassets in Resources */ = {isa = PBXBuildFile; fileRef = 046BA7771F480DF2004D7E74 /* Assets.xcassets */; };
		046BA77B1F480DF2004D7E74 /* LaunchScreen.storyboard in Resources */ = {isa = PBXBuildFile; fileRef = 046BA7791F480DF2004D7E74 /* LaunchScreen.storyboard */; };
		046BA7861F480DF2004D7E74 /* AirWaveTests.m in Sources */ = {isa = PBXBuildFile; fileRef = 046BA7851F480DF2004D7E74 /* AirWaveTests.m */; };
		046BA7911F480DF2004D7E74 /* AirWaveUITests.m in Sources */ = {isa = PBXBuildFile; fileRef = 046BA7901F480DF2004D7E74 /* AirWaveUITests.m */; };
		046BA7A21F4817C8004D7E74 /* TreatViewController.m in Sources */ = {isa = PBXBuildFile; fileRef = 046BA7A11F4817C8004D7E74 /* TreatViewController.m */; };
		048A3B141F53C54900929C37 /* UIColor+UIcolor_RGB.m in Sources */ = {isa = PBXBuildFile; fileRef = 048A3B131F53C54900929C37 /* UIColor+UIcolor_RGB.m */; };
		048A3B171F53F90000929C37 /* UINavigationController+statusBarStyle.m in Sources */ = {isa = PBXBuildFile; fileRef = 048A3B161F53F90000929C37 /* UINavigationController+statusBarStyle.m */; };
		048A3B1A1F540DC500929C37 /* SettingViewController.m in Sources */ = {isa = PBXBuildFile; fileRef = 048A3B191F540DC500929C37 /* SettingViewController.m */; };
		048A3B1D1F5411D700929C37 /* OtherSettingViewController.m in Sources */ = {isa = PBXBuildFile; fileRef = 048A3B1C1F5411D700929C37 /* OtherSettingViewController.m */; };
		04B68F491F4EDAE200FD31E5 /* ParameterTreatViewController.m in Sources */ = {isa = PBXBuildFile; fileRef = 04B68F481F4EDAE200FD31E5 /* ParameterTreatViewController.m */; };
		80238F6720C2423CFD5B8E71 /* libPods-AirWave.a in Frameworks */ = {isa = PBXBuildFile; fileRef = 98F75C0AC4207A763C4E062D /* libPods-AirWave.a */; };
/* End PBXBuildFile section */

/* Begin PBXContainerItemProxy section */
		046BA7821F480DF2004D7E74 /* PBXContainerItemProxy */ = {
			isa = PBXContainerItemProxy;
			containerPortal = 046BA7601F480DF2004D7E74 /* Project object */;
			proxyType = 1;
			remoteGlobalIDString = 046BA7671F480DF2004D7E74;
			remoteInfo = AirWave;
		};
		046BA78D1F480DF2004D7E74 /* PBXContainerItemProxy */ = {
			isa = PBXContainerItemProxy;
			containerPortal = 046BA7601F480DF2004D7E74 /* Project object */;
			proxyType = 1;
			remoteGlobalIDString = 046BA7671F480DF2004D7E74;
			remoteInfo = AirWave;
		};
/* End PBXContainerItemProxy section */

/* Begin PBXFileReference section */
		00F29BDE28750DB8ECD90253 /* Pods-AirWave.release.xcconfig */ = {isa = PBXFileReference; includeInIndex = 1; lastKnownFileType = text.xcconfig; name = "Pods-AirWave.release.xcconfig"; path = "Pods/Target Support Files/Pods-AirWave/Pods-AirWave.release.xcconfig"; sourceTree = "<group>"; };
		041FD7E31F58FDEA00522D64 /* SolutionTreatViewController.h */ = {isa = PBXFileReference; fileEncoding = 4; lastKnownFileType = sourcecode.c.h; path = SolutionTreatViewController.h; sourceTree = "<group>"; };
		041FD7E41F58FDEA00522D64 /* SolutionTreatViewController.m */ = {isa = PBXFileReference; fileEncoding = 4; lastKnownFileType = sourcecode.c.objc; path = SolutionTreatViewController.m; sourceTree = "<group>"; };
		044D54B21F4D0D4A002C1E35 /* 图标 */ = {isa = PBXFileReference; lastKnownFileType = folder; path = "图标"; sourceTree = "<group>"; };
		044D54B61F4D159D002C1E35 /* StandardTreatViewController.h */ = {isa = PBXFileReference; fileEncoding = 4; lastKnownFileType = sourcecode.c.h; path = StandardTreatViewController.h; sourceTree = "<group>"; };
		044D54B71F4D159D002C1E35 /* StandardTreatViewController.m */ = {isa = PBXFileReference; fileEncoding = 4; lastKnownFileType = sourcecode.c.objc; path = StandardTreatViewController.m; sourceTree = "<group>"; };
		044D54B91F4D15F7002C1E35 /* Pack.h */ = {isa = PBXFileReference; fileEncoding = 4; lastKnownFileType = sourcecode.c.h; path = Pack.h; sourceTree = "<group>"; };
		044D54BA1F4D15F7002C1E35 /* Pack.m */ = {isa = PBXFileReference; fileEncoding = 4; lastKnownFileType = sourcecode.c.objc; path = Pack.m; sourceTree = "<group>"; };
		044D54BC1F4D1A4C002C1E35 /* GradientTreatViewController.h */ = {isa = PBXFileReference; fileEncoding = 4; lastKnownFileType = sourcecode.c.h; path = GradientTreatViewController.h; sourceTree = "<group>"; };
		044D54BD1F4D1A4C002C1E35 /* GradientTreatViewController.m */ = {isa = PBXFileReference; fileEncoding = 4; lastKnownFileType = sourcecode.c.objc; path = GradientTreatViewController.m; sourceTree = "<group>"; };
		0457C63D1F5563EE0050C604 /* Base */ = {isa = PBXFileReference; lastKnownFileType = file.storyboard; name = Base; path = Base.lproj/Main.storyboard; sourceTree = "<group>"; };
		0462C80D1F5D3FA900AEC2D6 /* Infoclass.h */ = {isa = PBXFileReference; fileEncoding = 4; lastKnownFileType = sourcecode.c.h; path = Infoclass.h; sourceTree = "<group>"; };
		0462C80E1F5D3FA900AEC2D6 /* Infoclass.m */ = {isa = PBXFileReference; fileEncoding = 4; lastKnownFileType = sourcecode.c.objc; path = Infoclass.m; sourceTree = "<group>"; };
		0462C8111F5D42CE00AEC2D6 /* TreatInformation.h */ = {isa = PBXFileReference; fileEncoding = 4; lastKnownFileType = sourcecode.c.h; path = TreatInformation.h; sourceTree = "<group>"; };
		0462C8121F5D42CE00AEC2D6 /* TreatInformation.m */ = {isa = PBXFileReference; fileEncoding = 4; lastKnownFileType = sourcecode.c.objc; path = TreatInformation.m; sourceTree = "<group>"; };
		046BA7681F480DF2004D7E74 /* AirWave.app */ = {isa = PBXFileReference; explicitFileType = wrapper.application; includeInIndex = 0; path = AirWave.app; sourceTree = BUILT_PRODUCTS_DIR; };
		046BA76C1F480DF2004D7E74 /* main.m */ = {isa = PBXFileReference; lastKnownFileType = sourcecode.c.objc; path = main.m; sourceTree = "<group>"; };
		046BA76E1F480DF2004D7E74 /* AppDelegate.h */ = {isa = PBXFileReference; lastKnownFileType = sourcecode.c.h; path = AppDelegate.h; sourceTree = "<group>"; };
		046BA76F1F480DF2004D7E74 /* AppDelegate.m */ = {isa = PBXFileReference; lastKnownFileType = sourcecode.c.objc; path = AppDelegate.m; sourceTree = "<group>"; };
		046BA7711F480DF2004D7E74 /* ViewController.h */ = {isa = PBXFileReference; lastKnownFileType = sourcecode.c.h; path = ViewController.h; sourceTree = "<group>"; };
		046BA7721F480DF2004D7E74 /* ViewController.m */ = {isa = PBXFileReference; lastKnownFileType = sourcecode.c.objc; path = ViewController.m; sourceTree = "<group>"; };
		046BA7771F480DF2004D7E74 /* Assets.xcassets */ = {isa = PBXFileReference; lastKnownFileType = folder.assetcatalog; path = Assets.xcassets; sourceTree = "<group>"; };
		046BA77A1F480DF2004D7E74 /* Base */ = {isa = PBXFileReference; lastKnownFileType = file.storyboard; name = Base; path = Base.lproj/LaunchScreen.storyboard; sourceTree = "<group>"; };
		046BA77C1F480DF2004D7E74 /* Info.plist */ = {isa = PBXFileReference; lastKnownFileType = text.plist.xml; path = Info.plist; sourceTree = "<group>"; };
		046BA7811F480DF2004D7E74 /* AirWaveTests.xctest */ = {isa = PBXFileReference; explicitFileType = wrapper.cfbundle; includeInIndex = 0; path = AirWaveTests.xctest; sourceTree = BUILT_PRODUCTS_DIR; };
		046BA7851F480DF2004D7E74 /* AirWaveTests.m */ = {isa = PBXFileReference; lastKnownFileType = sourcecode.c.objc; path = AirWaveTests.m; sourceTree = "<group>"; };
		046BA7871F480DF2004D7E74 /* Info.plist */ = {isa = PBXFileReference; lastKnownFileType = text.plist.xml; path = Info.plist; sourceTree = "<group>"; };
		046BA78C1F480DF2004D7E74 /* AirWaveUITests.xctest */ = {isa = PBXFileReference; explicitFileType = wrapper.cfbundle; includeInIndex = 0; path = AirWaveUITests.xctest; sourceTree = BUILT_PRODUCTS_DIR; };
		046BA7901F480DF2004D7E74 /* AirWaveUITests.m */ = {isa = PBXFileReference; lastKnownFileType = sourcecode.c.objc; path = AirWaveUITests.m; sourceTree = "<group>"; };
		046BA7921F480DF2004D7E74 /* Info.plist */ = {isa = PBXFileReference; lastKnownFileType = text.plist.xml; path = Info.plist; sourceTree = "<group>"; };
		046BA7A01F4817C8004D7E74 /* TreatViewController.h */ = {isa = PBXFileReference; fileEncoding = 4; lastKnownFileType = sourcecode.c.h; path = TreatViewController.h; sourceTree = "<group>"; };
		046BA7A11F4817C8004D7E74 /* TreatViewController.m */ = {isa = PBXFileReference; fileEncoding = 4; lastKnownFileType = sourcecode.c.objc; path = TreatViewController.m; sourceTree = "<group>"; };
		048A3B121F53C54900929C37 /* UIColor+UIcolor_RGB.h */ = {isa = PBXFileReference; fileEncoding = 4; lastKnownFileType = sourcecode.c.h; path = "UIColor+UIcolor_RGB.h"; sourceTree = "<group>"; };
		048A3B131F53C54900929C37 /* UIColor+UIcolor_RGB.m */ = {isa = PBXFileReference; fileEncoding = 4; lastKnownFileType = sourcecode.c.objc; path = "UIColor+UIcolor_RGB.m"; sourceTree = "<group>"; };
		048A3B151F53F90000929C37 /* UINavigationController+statusBarStyle.h */ = {isa = PBXFileReference; fileEncoding = 4; lastKnownFileType = sourcecode.c.h; path = "UINavigationController+statusBarStyle.h"; sourceTree = "<group>"; };
		048A3B161F53F90000929C37 /* UINavigationController+statusBarStyle.m */ = {isa = PBXFileReference; fileEncoding = 4; lastKnownFileType = sourcecode.c.objc; path = "UINavigationController+statusBarStyle.m"; sourceTree = "<group>"; };
		048A3B181F540DC500929C37 /* SettingViewController.h */ = {isa = PBXFileReference; fileEncoding = 4; lastKnownFileType = sourcecode.c.h; path = SettingViewController.h; sourceTree = "<group>"; };
		048A3B191F540DC500929C37 /* SettingViewController.m */ = {isa = PBXFileReference; fileEncoding = 4; lastKnownFileType = sourcecode.c.objc; path = SettingViewController.m; sourceTree = "<group>"; };
		048A3B1B1F5411D700929C37 /* OtherSettingViewController.h */ = {isa = PBXFileReference; fileEncoding = 4; lastKnownFileType = sourcecode.c.h; path = OtherSettingViewController.h; sourceTree = "<group>"; };
		048A3B1C1F5411D700929C37 /* OtherSettingViewController.m */ = {isa = PBXFileReference; fileEncoding = 4; lastKnownFileType = sourcecode.c.objc; path = OtherSettingViewController.m; sourceTree = "<group>"; };
		04B68F471F4EDAE200FD31E5 /* ParameterTreatViewController.h */ = {isa = PBXFileReference; fileEncoding = 4; lastKnownFileType = sourcecode.c.h; path = ParameterTreatViewController.h; sourceTree = "<group>"; };
		04B68F481F4EDAE200FD31E5 /* ParameterTreatViewController.m */ = {isa = PBXFileReference; fileEncoding = 4; lastKnownFileType = sourcecode.c.objc; path = ParameterTreatViewController.m; sourceTree = "<group>"; };
		98F75C0AC4207A763C4E062D /* libPods-AirWave.a */ = {isa = PBXFileReference; explicitFileType = archive.ar; includeInIndex = 0; path = "libPods-AirWave.a"; sourceTree = BUILT_PRODUCTS_DIR; };
		9D1B39FA922AAA28BEDFF4EA /* Pods-AirWave.debug.xcconfig */ = {isa = PBXFileReference; includeInIndex = 1; lastKnownFileType = text.xcconfig; name = "Pods-AirWave.debug.xcconfig"; path = "Pods/Target Support Files/Pods-AirWave/Pods-AirWave.debug.xcconfig"; sourceTree = "<group>"; };
/* End PBXFileReference section */

/* Begin PBXFrameworksBuildPhase section */
		046BA7651F480DF2004D7E74 /* Frameworks */ = {
			isa = PBXFrameworksBuildPhase;
			buildActionMask = 2147483647;
			files = (
				80238F6720C2423CFD5B8E71 /* libPods-AirWave.a in Frameworks */,
			);
			runOnlyForDeploymentPostprocessing = 0;
		};
		046BA77E1F480DF2004D7E74 /* Frameworks */ = {
			isa = PBXFrameworksBuildPhase;
			buildActionMask = 2147483647;
			files = (
			);
			runOnlyForDeploymentPostprocessing = 0;
		};
		046BA7891F480DF2004D7E74 /* Frameworks */ = {
			isa = PBXFrameworksBuildPhase;
			buildActionMask = 2147483647;
			files = (
			);
			runOnlyForDeploymentPostprocessing = 0;
		};
/* End PBXFrameworksBuildPhase section */

/* Begin PBXGroup section */
		0462C8101F5D414700AEC2D6 /* dataAnalyze */ = {
			isa = PBXGroup;
			children = (
				044D54B91F4D15F7002C1E35 /* Pack.h */,
				044D54BA1F4D15F7002C1E35 /* Pack.m */,
				0462C8111F5D42CE00AEC2D6 /* TreatInformation.h */,
				0462C8121F5D42CE00AEC2D6 /* TreatInformation.m */,
			);
			name = dataAnalyze;
			sourceTree = "<group>";
		};
		046BA75F1F480DF2004D7E74 = {
			isa = PBXGroup;
			children = (
				046BA76A1F480DF2004D7E74 /* AirWave */,
				046BA7841F480DF2004D7E74 /* AirWaveTests */,
				046BA78F1F480DF2004D7E74 /* AirWaveUITests */,
				046BA7691F480DF2004D7E74 /* Products */,
				9039BBD80F0971FC8E41620D /* Pods */,
				B9EDCE4D32300B225DE6189D /* Frameworks */,
			);
			sourceTree = "<group>";
		};
		046BA7691F480DF2004D7E74 /* Products */ = {
			isa = PBXGroup;
			children = (
				046BA7681F480DF2004D7E74 /* AirWave.app */,
				046BA7811F480DF2004D7E74 /* AirWaveTests.xctest */,
				046BA78C1F480DF2004D7E74 /* AirWaveUITests.xctest */,
			);
			name = Products;
			sourceTree = "<group>";
		};
		046BA76A1F480DF2004D7E74 /* AirWave */ = {
			isa = PBXGroup;
			children = (
				046BA76E1F480DF2004D7E74 /* AppDelegate.h */,
				046BA76F1F480DF2004D7E74 /* AppDelegate.m */,
				046BA7711F480DF2004D7E74 /* ViewController.h */,
				046BA7721F480DF2004D7E74 /* ViewController.m */,
				046BA7A01F4817C8004D7E74 /* TreatViewController.h */,
				046BA7A11F4817C8004D7E74 /* TreatViewController.m */,
				044D54B61F4D159D002C1E35 /* StandardTreatViewController.h */,
				044D54B71F4D159D002C1E35 /* StandardTreatViewController.m */,
				044D54BC1F4D1A4C002C1E35 /* GradientTreatViewController.h */,
				044D54BD1F4D1A4C002C1E35 /* GradientTreatViewController.m */,
				04B68F471F4EDAE200FD31E5 /* ParameterTreatViewController.h */,
				04B68F481F4EDAE200FD31E5 /* ParameterTreatViewController.m */,
				041FD7E31F58FDEA00522D64 /* SolutionTreatViewController.h */,
				041FD7E41F58FDEA00522D64 /* SolutionTreatViewController.m */,
				0462C80D1F5D3FA900AEC2D6 /* Infoclass.h */,
				0462C80E1F5D3FA900AEC2D6 /* Infoclass.m */,
				048A3B121F53C54900929C37 /* UIColor+UIcolor_RGB.h */,
				048A3B131F53C54900929C37 /* UIColor+UIcolor_RGB.m */,
				048A3B181F540DC500929C37 /* SettingViewController.h */,
				048A3B191F540DC500929C37 /* SettingViewController.m */,
				048A3B1B1F5411D700929C37 /* OtherSettingViewController.h */,
				048A3B1C1F5411D700929C37 /* OtherSettingViewController.m */,
				046BA7771F480DF2004D7E74 /* Assets.xcassets */,
				0457C63C1F5563EE0050C604 /* Main.storyboard */,
				046BA7791F480DF2004D7E74 /* LaunchScreen.storyboard */,
				046BA77C1F480DF2004D7E74 /* Info.plist */,
				0462C8101F5D414700AEC2D6 /* dataAnalyze */,
				046BA76B1F480DF2004D7E74 /* Supporting Files */,
				048A3B151F53F90000929C37 /* UINavigationController+statusBarStyle.h */,
				048A3B161F53F90000929C37 /* UINavigationController+statusBarStyle.m */,
			);
			path = AirWave;
			sourceTree = "<group>";
		};
		046BA76B1F480DF2004D7E74 /* Supporting Files */ = {
			isa = PBXGroup;
			children = (
				044D54B21F4D0D4A002C1E35 /* 图标 */,
				046BA76C1F480DF2004D7E74 /* main.m */,
			);
			name = "Supporting Files";
			sourceTree = "<group>";
		};
		046BA7841F480DF2004D7E74 /* AirWaveTests */ = {
			isa = PBXGroup;
			children = (
				046BA7851F480DF2004D7E74 /* AirWaveTests.m */,
				046BA7871F480DF2004D7E74 /* Info.plist */,
			);
			path = AirWaveTests;
			sourceTree = "<group>";
		};
		046BA78F1F480DF2004D7E74 /* AirWaveUITests */ = {
			isa = PBXGroup;
			children = (
				046BA7901F480DF2004D7E74 /* AirWaveUITests.m */,
				046BA7921F480DF2004D7E74 /* Info.plist */,
			);
			path = AirWaveUITests;
			sourceTree = "<group>";
		};
		9039BBD80F0971FC8E41620D /* Pods */ = {
			isa = PBXGroup;
			children = (
				9D1B39FA922AAA28BEDFF4EA /* Pods-AirWave.debug.xcconfig */,
				00F29BDE28750DB8ECD90253 /* Pods-AirWave.release.xcconfig */,
			);
			name = Pods;
			sourceTree = "<group>";
		};
		B9EDCE4D32300B225DE6189D /* Frameworks */ = {
			isa = PBXGroup;
			children = (
				98F75C0AC4207A763C4E062D /* libPods-AirWave.a */,
			);
			name = Frameworks;
			sourceTree = "<group>";
		};
/* End PBXGroup section */

/* Begin PBXNativeTarget section */
		046BA7671F480DF2004D7E74 /* AirWave */ = {
			isa = PBXNativeTarget;
			buildConfigurationList = 046BA7951F480DF2004D7E74 /* Build configuration list for PBXNativeTarget "AirWave" */;
			buildPhases = (
				7440961AF73903E1113F9777 /* [CP] Check Pods Manifest.lock */,
				046BA7641F480DF2004D7E74 /* Sources */,
				046BA7651F480DF2004D7E74 /* Frameworks */,
				046BA7661F480DF2004D7E74 /* Resources */,
				AF7E187B07C1111DE477746E /* [CP] Embed Pods Frameworks */,
				537AD54339BCE94DD971DEC8 /* [CP] Copy Pods Resources */,
			);
			buildRules = (
			);
			dependencies = (
			);
			name = AirWave;
			productName = AirWave;
			productReference = 046BA7681F480DF2004D7E74 /* AirWave.app */;
			productType = "com.apple.product-type.application";
		};
		046BA7801F480DF2004D7E74 /* AirWaveTests */ = {
			isa = PBXNativeTarget;
			buildConfigurationList = 046BA7981F480DF2004D7E74 /* Build configuration list for PBXNativeTarget "AirWaveTests" */;
			buildPhases = (
				046BA77D1F480DF2004D7E74 /* Sources */,
				046BA77E1F480DF2004D7E74 /* Frameworks */,
				046BA77F1F480DF2004D7E74 /* Resources */,
			);
			buildRules = (
			);
			dependencies = (
				046BA7831F480DF2004D7E74 /* PBXTargetDependency */,
			);
			name = AirWaveTests;
			productName = AirWaveTests;
			productReference = 046BA7811F480DF2004D7E74 /* AirWaveTests.xctest */;
			productType = "com.apple.product-type.bundle.unit-test";
		};
		046BA78B1F480DF2004D7E74 /* AirWaveUITests */ = {
			isa = PBXNativeTarget;
			buildConfigurationList = 046BA79B1F480DF2004D7E74 /* Build configuration list for PBXNativeTarget "AirWaveUITests" */;
			buildPhases = (
				046BA7881F480DF2004D7E74 /* Sources */,
				046BA7891F480DF2004D7E74 /* Frameworks */,
				046BA78A1F480DF2004D7E74 /* Resources */,
			);
			buildRules = (
			);
			dependencies = (
				046BA78E1F480DF2004D7E74 /* PBXTargetDependency */,
			);
			name = AirWaveUITests;
			productName = AirWaveUITests;
			productReference = 046BA78C1F480DF2004D7E74 /* AirWaveUITests.xctest */;
			productType = "com.apple.product-type.bundle.ui-testing";
		};
/* End PBXNativeTarget section */

/* Begin PBXProject section */
		046BA7601F480DF2004D7E74 /* Project object */ = {
			isa = PBXProject;
			attributes = {
				LastUpgradeCheck = 0830;
				ORGANIZATIONNAME = "Shenzhen Lifotronic Technology Co.,Ltd.";
				TargetAttributes = {
					046BA7671F480DF2004D7E74 = {
						CreatedOnToolsVersion = 8.3.3;
						DevelopmentTeam = UUWZ3JRNLN;
						ProvisioningStyle = Automatic;
					};
					046BA7801F480DF2004D7E74 = {
						CreatedOnToolsVersion = 8.3.3;
						DevelopmentTeam = UUWZ3JRNLN;
						ProvisioningStyle = Automatic;
						TestTargetID = 046BA7671F480DF2004D7E74;
					};
					046BA78B1F480DF2004D7E74 = {
						CreatedOnToolsVersion = 8.3.3;
						DevelopmentTeam = UUWZ3JRNLN;
						ProvisioningStyle = Automatic;
						TestTargetID = 046BA7671F480DF2004D7E74;
					};
				};
			};
			buildConfigurationList = 046BA7631F480DF2004D7E74 /* Build configuration list for PBXProject "AirWave" */;
			compatibilityVersion = "Xcode 3.2";
			developmentRegion = English;
			hasScannedForEncodings = 0;
			knownRegions = (
				en,
				Base,
			);
			mainGroup = 046BA75F1F480DF2004D7E74;
			productRefGroup = 046BA7691F480DF2004D7E74 /* Products */;
			projectDirPath = "";
			projectRoot = "";
			targets = (
				046BA7671F480DF2004D7E74 /* AirWave */,
				046BA7801F480DF2004D7E74 /* AirWaveTests */,
				046BA78B1F480DF2004D7E74 /* AirWaveUITests */,
			);
		};
/* End PBXProject section */

/* Begin PBXResourcesBuildPhase section */
		046BA7661F480DF2004D7E74 /* Resources */ = {
			isa = PBXResourcesBuildPhase;
			buildActionMask = 2147483647;
			files = (
				044D54B31F4D0D4A002C1E35 /* 图标 in Resources */,
				046BA77B1F480DF2004D7E74 /* LaunchScreen.storyboard in Resources */,
				046BA7781F480DF2004D7E74 /* Assets.xcassets in Resources */,
				0457C63E1F5563EE0050C604 /* Main.storyboard in Resources */,
			);
			runOnlyForDeploymentPostprocessing = 0;
		};
		046BA77F1F480DF2004D7E74 /* Resources */ = {
			isa = PBXResourcesBuildPhase;
			buildActionMask = 2147483647;
			files = (
			);
			runOnlyForDeploymentPostprocessing = 0;
		};
		046BA78A1F480DF2004D7E74 /* Resources */ = {
			isa = PBXResourcesBuildPhase;
			buildActionMask = 2147483647;
			files = (
			);
			runOnlyForDeploymentPostprocessing = 0;
		};
/* End PBXResourcesBuildPhase section */

/* Begin PBXShellScriptBuildPhase section */
		537AD54339BCE94DD971DEC8 /* [CP] Copy Pods Resources */ = {
			isa = PBXShellScriptBuildPhase;
			buildActionMask = 2147483647;
			files = (
			);
			inputPaths = (
			);
			name = "[CP] Copy Pods Resources";
			outputPaths = (
			);
			runOnlyForDeploymentPostprocessing = 0;
			shellPath = /bin/sh;
			shellScript = "\"${SRCROOT}/Pods/Target Support Files/Pods-AirWave/Pods-AirWave-resources.sh\"\n";
			showEnvVarsInLog = 0;
		};
		7440961AF73903E1113F9777 /* [CP] Check Pods Manifest.lock */ = {
			isa = PBXShellScriptBuildPhase;
			buildActionMask = 2147483647;
			files = (
			);
			inputPaths = (
				"${PODS_PODFILE_DIR_PATH}/Podfile.lock",
				"${PODS_ROOT}/Manifest.lock",
			);
			name = "[CP] Check Pods Manifest.lock";
			outputPaths = (
				"$(DERIVED_FILE_DIR)/Pods-AirWave-checkManifestLockResult.txt",
			);
			runOnlyForDeploymentPostprocessing = 0;
			shellPath = /bin/sh;
			shellScript = "diff \"${PODS_PODFILE_DIR_PATH}/Podfile.lock\" \"${PODS_ROOT}/Manifest.lock\" > /dev/null\nif [ $? != 0 ] ; then\n    # print error to STDERR\n    echo \"error: The sandbox is not in sync with the Podfile.lock. Run 'pod install' or update your CocoaPods installation.\" >&2\n    exit 1\nfi\n# This output is used by Xcode 'outputs' to avoid re-running this script phase.\necho \"SUCCESS\" > \"${SCRIPT_OUTPUT_FILE_0}\"\n";
			showEnvVarsInLog = 0;
		};
		AF7E187B07C1111DE477746E /* [CP] Embed Pods Frameworks */ = {
			isa = PBXShellScriptBuildPhase;
			buildActionMask = 2147483647;
			files = (
			);
			inputPaths = (
			);
			name = "[CP] Embed Pods Frameworks";
			outputPaths = (
			);
			runOnlyForDeploymentPostprocessing = 0;
			shellPath = /bin/sh;
			shellScript = "\"${SRCROOT}/Pods/Target Support Files/Pods-AirWave/Pods-AirWave-frameworks.sh\"\n";
			showEnvVarsInLog = 0;
		};
/* End PBXShellScriptBuildPhase section */

/* Begin PBXSourcesBuildPhase section */
		046BA7641F480DF2004D7E74 /* Sources */ = {
			isa = PBXSourcesBuildPhase;
			buildActionMask = 2147483647;
			files = (
				046BA7731F480DF2004D7E74 /* ViewController.m in Sources */,
				04B68F491F4EDAE200FD31E5 /* ParameterTreatViewController.m in Sources */,
				048A3B1D1F5411D700929C37 /* OtherSettingViewController.m in Sources */,
				048A3B141F53C54900929C37 /* UIColor+UIcolor_RGB.m in Sources */,
				044D54BE1F4D1A4C002C1E35 /* GradientTreatViewController.m in Sources */,
				046BA7701F480DF2004D7E74 /* AppDelegate.m in Sources */,
				048A3B171F53F90000929C37 /* UINavigationController+statusBarStyle.m in Sources */,
				0462C8131F5D42CE00AEC2D6 /* TreatInformation.m in Sources */,
				044D54BB1F4D15F7002C1E35 /* Pack.m in Sources */,
				0462C80F1F5D3FA900AEC2D6 /* Infoclass.m in Sources */,
				046BA76D1F480DF2004D7E74 /* main.m in Sources */,
				044D54B81F4D159D002C1E35 /* StandardTreatViewController.m in Sources */,
				048A3B1A1F540DC500929C37 /* SettingViewController.m in Sources */,
				041FD7E51F58FDEA00522D64 /* SolutionTreatViewController.m in Sources */,
				046BA7A21F4817C8004D7E74 /* TreatViewController.m in Sources */,
			);
			runOnlyForDeploymentPostprocessing = 0;
		};
		046BA77D1F480DF2004D7E74 /* Sources */ = {
			isa = PBXSourcesBuildPhase;
			buildActionMask = 2147483647;
			files = (
				046BA7861F480DF2004D7E74 /* AirWaveTests.m in Sources */,
			);
			runOnlyForDeploymentPostprocessing = 0;
		};
		046BA7881F480DF2004D7E74 /* Sources */ = {
			isa = PBXSourcesBuildPhase;
			buildActionMask = 2147483647;
			files = (
				046BA7911F480DF2004D7E74 /* AirWaveUITests.m in Sources */,
			);
			runOnlyForDeploymentPostprocessing = 0;
		};
/* End PBXSourcesBuildPhase section */

/* Begin PBXTargetDependency section */
		046BA7831F480DF2004D7E74 /* PBXTargetDependency */ = {
			isa = PBXTargetDependency;
			target = 046BA7671F480DF2004D7E74 /* AirWave */;
			targetProxy = 046BA7821F480DF2004D7E74 /* PBXContainerItemProxy */;
		};
		046BA78E1F480DF2004D7E74 /* PBXTargetDependency */ = {
			isa = PBXTargetDependency;
			target = 046BA7671F480DF2004D7E74 /* AirWave */;
			targetProxy = 046BA78D1F480DF2004D7E74 /* PBXContainerItemProxy */;
		};
/* End PBXTargetDependency section */

/* Begin PBXVariantGroup section */
		0457C63C1F5563EE0050C604 /* Main.storyboard */ = {
			isa = PBXVariantGroup;
			children = (
				0457C63D1F5563EE0050C604 /* Base */,
			);
			name = Main.storyboard;
			sourceTree = "<group>";
		};
		046BA7791F480DF2004D7E74 /* LaunchScreen.storyboard */ = {
			isa = PBXVariantGroup;
			children = (
				046BA77A1F480DF2004D7E74 /* Base */,
			);
			name = LaunchScreen.storyboard;
			sourceTree = "<group>";
		};
/* End PBXVariantGroup section */

/* Begin XCBuildConfiguration section */
		046BA7931F480DF2004D7E74 /* Debug */ = {
			isa = XCBuildConfiguration;
			buildSettings = {
				ALWAYS_SEARCH_USER_PATHS = NO;
				CLANG_ANALYZER_NONNULL = YES;
				CLANG_ANALYZER_NUMBER_OBJECT_CONVERSION = YES_AGGRESSIVE;
				CLANG_CXX_LANGUAGE_STANDARD = "gnu++0x";
				CLANG_CXX_LIBRARY = "libc++";
				CLANG_ENABLE_MODULES = YES;
				CLANG_ENABLE_OBJC_ARC = YES;
				CLANG_WARN_BOOL_CONVERSION = YES;
				CLANG_WARN_CONSTANT_CONVERSION = YES;
				CLANG_WARN_DIRECT_OBJC_ISA_USAGE = YES_ERROR;
				CLANG_WARN_DOCUMENTATION_COMMENTS = YES;
				CLANG_WARN_EMPTY_BODY = YES;
				CLANG_WARN_ENUM_CONVERSION = YES;
				CLANG_WARN_INFINITE_RECURSION = YES;
				CLANG_WARN_INT_CONVERSION = YES;
				CLANG_WARN_OBJC_ROOT_CLASS = YES_ERROR;
				CLANG_WARN_SUSPICIOUS_MOVE = YES;
				CLANG_WARN_UNREACHABLE_CODE = YES;
				CLANG_WARN__DUPLICATE_METHOD_MATCH = YES;
				"CODE_SIGN_IDENTITY[sdk=iphoneos*]" = "iPhone Developer";
				COPY_PHASE_STRIP = NO;
				DEBUG_INFORMATION_FORMAT = dwarf;
				ENABLE_STRICT_OBJC_MSGSEND = YES;
				ENABLE_TESTABILITY = YES;
				GCC_C_LANGUAGE_STANDARD = gnu99;
				GCC_DYNAMIC_NO_PIC = NO;
				GCC_NO_COMMON_BLOCKS = YES;
				GCC_OPTIMIZATION_LEVEL = 0;
				GCC_PREPROCESSOR_DEFINITIONS = (
					"DEBUG=1",
					"$(inherited)",
				);
				GCC_WARN_64_TO_32_BIT_CONVERSION = YES;
				GCC_WARN_ABOUT_RETURN_TYPE = YES_ERROR;
				GCC_WARN_UNDECLARED_SELECTOR = YES;
				GCC_WARN_UNINITIALIZED_AUTOS = YES_AGGRESSIVE;
				GCC_WARN_UNUSED_FUNCTION = YES;
				GCC_WARN_UNUSED_VARIABLE = YES;
				IPHONEOS_DEPLOYMENT_TARGET = 10.3;
				MTL_ENABLE_DEBUG_INFO = YES;
				ONLY_ACTIVE_ARCH = YES;
				SDKROOT = iphoneos;
				TARGETED_DEVICE_FAMILY = "1,2";
			};
			name = Debug;
		};
		046BA7941F480DF2004D7E74 /* Release */ = {
			isa = XCBuildConfiguration;
			buildSettings = {
				ALWAYS_SEARCH_USER_PATHS = NO;
				CLANG_ANALYZER_NONNULL = YES;
				CLANG_ANALYZER_NUMBER_OBJECT_CONVERSION = YES_AGGRESSIVE;
				CLANG_CXX_LANGUAGE_STANDARD = "gnu++0x";
				CLANG_CXX_LIBRARY = "libc++";
				CLANG_ENABLE_MODULES = YES;
				CLANG_ENABLE_OBJC_ARC = YES;
				CLANG_WARN_BOOL_CONVERSION = YES;
				CLANG_WARN_CONSTANT_CONVERSION = YES;
				CLANG_WARN_DIRECT_OBJC_ISA_USAGE = YES_ERROR;
				CLANG_WARN_DOCUMENTATION_COMMENTS = YES;
				CLANG_WARN_EMPTY_BODY = YES;
				CLANG_WARN_ENUM_CONVERSION = YES;
				CLANG_WARN_INFINITE_RECURSION = YES;
				CLANG_WARN_INT_CONVERSION = YES;
				CLANG_WARN_OBJC_ROOT_CLASS = YES_ERROR;
				CLANG_WARN_SUSPICIOUS_MOVE = YES;
				CLANG_WARN_UNREACHABLE_CODE = YES;
				CLANG_WARN__DUPLICATE_METHOD_MATCH = YES;
				"CODE_SIGN_IDENTITY[sdk=iphoneos*]" = "iPhone Developer";
				COPY_PHASE_STRIP = NO;
				DEBUG_INFORMATION_FORMAT = "dwarf-with-dsym";
				ENABLE_NS_ASSERTIONS = NO;
				ENABLE_STRICT_OBJC_MSGSEND = YES;
				GCC_C_LANGUAGE_STANDARD = gnu99;
				GCC_NO_COMMON_BLOCKS = YES;
				GCC_WARN_64_TO_32_BIT_CONVERSION = YES;
				GCC_WARN_ABOUT_RETURN_TYPE = YES_ERROR;
				GCC_WARN_UNDECLARED_SELECTOR = YES;
				GCC_WARN_UNINITIALIZED_AUTOS = YES_AGGRESSIVE;
				GCC_WARN_UNUSED_FUNCTION = YES;
				GCC_WARN_UNUSED_VARIABLE = YES;
				IPHONEOS_DEPLOYMENT_TARGET = 10.3;
				MTL_ENABLE_DEBUG_INFO = NO;
				SDKROOT = iphoneos;
				TARGETED_DEVICE_FAMILY = "1,2";
				VALIDATE_PRODUCT = YES;
			};
			name = Release;
		};
		046BA7961F480DF2004D7E74 /* Debug */ = {
			isa = XCBuildConfiguration;
			baseConfigurationReference = 9D1B39FA922AAA28BEDFF4EA /* Pods-AirWave.debug.xcconfig */;
			buildSettings = {
				ASSETCATALOG_COMPILER_APPICON_NAME = AppIcon;
				DEVELOPMENT_TEAM = UUWZ3JRNLN;
				INFOPLIST_FILE = AirWave/Info.plist;
				LD_RUNPATH_SEARCH_PATHS = "$(inherited) @executable_path/Frameworks";
				PRODUCT_BUNDLE_IDENTIFIER = Lifotronic.AirWave;
				PRODUCT_NAME = "$(TARGET_NAME)";
			};
			name = Debug;
		};
		046BA7971F480DF2004D7E74 /* Release */ = {
			isa = XCBuildConfiguration;
			baseConfigurationReference = 00F29BDE28750DB8ECD90253 /* Pods-AirWave.release.xcconfig */;
			buildSettings = {
				ASSETCATALOG_COMPILER_APPICON_NAME = AppIcon;
				DEVELOPMENT_TEAM = UUWZ3JRNLN;
				INFOPLIST_FILE = AirWave/Info.plist;
				LD_RUNPATH_SEARCH_PATHS = "$(inherited) @executable_path/Frameworks";
				PRODUCT_BUNDLE_IDENTIFIER = Lifotronic.AirWave;
				PRODUCT_NAME = "$(TARGET_NAME)";
			};
			name = Release;
		};
		046BA7991F480DF2004D7E74 /* Debug */ = {
			isa = XCBuildConfiguration;
			buildSettings = {
				BUNDLE_LOADER = "$(TEST_HOST)";
				DEVELOPMENT_TEAM = UUWZ3JRNLN;
				INFOPLIST_FILE = AirWaveTests/Info.plist;
				LD_RUNPATH_SEARCH_PATHS = "$(inherited) @executable_path/Frameworks @loader_path/Frameworks";
				PRODUCT_BUNDLE_IDENTIFIER = Lifotronic.AirWaveTests;
				PRODUCT_NAME = "$(TARGET_NAME)";
				TEST_HOST = "$(BUILT_PRODUCTS_DIR)/AirWave.app/AirWave";
			};
			name = Debug;
		};
		046BA79A1F480DF2004D7E74 /* Release */ = {
			isa = XCBuildConfiguration;
			buildSettings = {
				BUNDLE_LOADER = "$(TEST_HOST)";
				DEVELOPMENT_TEAM = UUWZ3JRNLN;
				INFOPLIST_FILE = AirWaveTests/Info.plist;
				LD_RUNPATH_SEARCH_PATHS = "$(inherited) @executable_path/Frameworks @loader_path/Frameworks";
				PRODUCT_BUNDLE_IDENTIFIER = Lifotronic.AirWaveTests;
				PRODUCT_NAME = "$(TARGET_NAME)";
				TEST_HOST = "$(BUILT_PRODUCTS_DIR)/AirWave.app/AirWave";
			};
			name = Release;
		};
		046BA79C1F480DF2004D7E74 /* Debug */ = {
			isa = XCBuildConfiguration;
			buildSettings = {
				DEVELOPMENT_TEAM = UUWZ3JRNLN;
				INFOPLIST_FILE = AirWaveUITests/Info.plist;
				LD_RUNPATH_SEARCH_PATHS = "$(inherited) @executable_path/Frameworks @loader_path/Frameworks";
				PRODUCT_BUNDLE_IDENTIFIER = Lifotronic.AirWaveUITests;
				PRODUCT_NAME = "$(TARGET_NAME)";
				TEST_TARGET_NAME = AirWave;
			};
			name = Debug;
		};
		046BA79D1F480DF2004D7E74 /* Release */ = {
			isa = XCBuildConfiguration;
			buildSettings = {
				DEVELOPMENT_TEAM = UUWZ3JRNLN;
				INFOPLIST_FILE = AirWaveUITests/Info.plist;
				LD_RUNPATH_SEARCH_PATHS = "$(inherited) @executable_path/Frameworks @loader_path/Frameworks";
				PRODUCT_BUNDLE_IDENTIFIER = Lifotronic.AirWaveUITests;
				PRODUCT_NAME = "$(TARGET_NAME)";
				TEST_TARGET_NAME = AirWave;
			};
			name = Release;
		};
/* End XCBuildConfiguration section */

/* Begin XCConfigurationList section */
		046BA7631F480DF2004D7E74 /* Build configuration list for PBXProject "AirWave" */ = {
			isa = XCConfigurationList;
			buildConfigurations = (
				046BA7931F480DF2004D7E74 /* Debug */,
				046BA7941F480DF2004D7E74 /* Release */,
			);
			defaultConfigurationIsVisible = 0;
			defaultConfigurationName = Release;
		};
		046BA7951F480DF2004D7E74 /* Build configuration list for PBXNativeTarget "AirWave" */ = {
			isa = XCConfigurationList;
			buildConfigurations = (
				046BA7961F480DF2004D7E74 /* Debug */,
				046BA7971F480DF2004D7E74 /* Release */,
			);
			defaultConfigurationIsVisible = 0;
			defaultConfigurationName = Release;
		};
		046BA7981F480DF2004D7E74 /* Build configuration list for PBXNativeTarget "AirWaveTests" */ = {
			isa = XCConfigurationList;
			buildConfigurations = (
				046BA7991F480DF2004D7E74 /* Debug */,
				046BA79A1F480DF2004D7E74 /* Release */,
			);
			defaultConfigurationIsVisible = 0;
			defaultConfigurationName = Release;
		};
		046BA79B1F480DF2004D7E74 /* Build configuration list for PBXNativeTarget "AirWaveUITests" */ = {
			isa = XCConfigurationList;
			buildConfigurations = (
				046BA79C1F480DF2004D7E74 /* Debug */,
				046BA79D1F480DF2004D7E74 /* Release */,
			);
			defaultConfigurationIsVisible = 0;
			defaultConfigurationName = Release;
		};
/* End XCConfigurationList section */
	};
	rootObject = 046BA7601F480DF2004D7E74 /* Project object */;
}
